Microsoft Visual Studio Solution File, Format Version 12.00
# Visual Studio 14
VisualStudioVersion = 14.0.23107.0
MinimumVisualStudioVersion = 10.0.40219.1
Project("{8BC9CEB8-8B4A-11D0-8D11-00A0C91BC942}") = "gameplay", "gameplay\gameplay.vcxproj", "{1032BA4B-57EB-4348-9E03-29DD63E80E4A}"
EndProject
Project("{8BC9CEB8-8B4A-11D0-8D11-00A0C91BC942}") = "sample-browser", "samples\browser\sample-browser.vcxproj", "{0F27C8C4-58B2-E367-8D1F-01B714FDBF1B}"
	ProjectSection(ProjectDependencies) = postProject
		{1032BA4B-57EB-4348-9E03-29DD63E80E4A} = {1032BA4B-57EB-4348-9E03-29DD63E80E4A}
	EndProjectSection
EndProject
Project("{8BC9CEB8-8B4A-11D0-8D11-00A0C91BC942}") = "sample-spaceship", "samples\spaceship\sample-spaceship.vcxproj", "{CC37B8E9-6402-4841-8D6A-5D908A5909B3}"
	ProjectSection(ProjectDependencies) = postProject
		{1032BA4B-57EB-4348-9E03-29DD63E80E4A} = {1032BA4B-57EB-4348-9E03-29DD63E80E4A}
	EndProjectSection
EndProject
Project("{8BC9CEB8-8B4A-11D0-8D11-00A0C91BC942}") = "sample-character", "samples\character\sample-character.vcxproj", "{87388E8B-F3CF-428F-BC2C-C1886248C111}"
	ProjectSection(ProjectDependencies) = postProject
		{1032BA4B-57EB-4348-9E03-29DD63E80E4A} = {1032BA4B-57EB-4348-9E03-29DD63E80E4A}
	EndProjectSection
EndProject
Project("{8BC9CEB8-8B4A-11D0-8D11-00A0C91BC942}") = "sample-racer", "samples\racer\sample-racer.vcxproj", "{82522888-E09A-ED48-AD7D-247237B37B3A}"
	ProjectSection(ProjectDependencies) = postProject
		{1032BA4B-57EB-4348-9E03-29DD63E80E4A} = {1032BA4B-57EB-4348-9E03-29DD63E80E4A}
	EndProjectSection
EndProject
Project("{2150E333-8FDC-42A3-9474-1A3956D46DE8}") = "AdsTest1", "AdsTest1", "{427859E5-450C-4F01-B9A3-21EAD94B619A}"
EndProject
Project("{39E2626F-3545-4960-A6E8-258AD8476CE5}") = "AdsTest1.Packaging", "AdsTest1\AdsTest1.Packaging\AdsTest1.Packaging.androidproj", "{37A0F502-C20C-4EBE-96CF-B954F557A2FC}"
EndProject
Project("{8BC9CEB8-8B4A-11D0-8D11-00A0C91BC942}") = "AdsTest1.NativeActivity", "AdsTest1\AdsTest1.NativeActivity\AdsTest1.NativeActivity.vcxproj", "{569CC0D4-63C0-4380-B2B3-EF6BA749F879}"
EndProject
Project("{2150E333-8FDC-42A3-9474-1A3956D46DE8}") = "AdsFrame", "AdsFrame", "{8C2C077B-D1DB-4F39-B40B-3C0058426A92}"
EndProject
Project("{39E2626F-3545-4960-A6E8-258AD8476CE5}") = "AdsFrame.Packaging", "AdsFrame\AdsFrame.Packaging\AdsFrame.Packaging.androidproj", "{58B29583-4FC0-445F-9C7D-F922233E9F97}"
EndProject
Project("{8BC9CEB8-8B4A-11D0-8D11-00A0C91BC942}") = "AdsFrame.NativeActivity", "AdsFrame\AdsFrame.NativeActivity\AdsFrame.NativeActivity.vcxproj", "{A93A5170-DB03-47D0-A3DF-5772066A43BD}"
EndProject
Global
	GlobalSection(SolutionConfigurationPlatforms) = preSolution
		Debug|ARM = Debug|ARM
		Debug|x64 = Debug|x64
		Debug|x86 = Debug|x86
		DebugMem|ARM = DebugMem|ARM
		DebugMem|x64 = DebugMem|x64
		DebugMem|x86 = DebugMem|x86
		Release|ARM = Release|ARM
		Release|x64 = Release|x64
		Release|x86 = Release|x86
	EndGlobalSection
	GlobalSection(ProjectConfigurationPlatforms) = postSolution
		{1032BA4B-57EB-4348-9E03-29DD63E80E4A}.Debug|ARM.ActiveCfg = Debug|x64
		{1032BA4B-57EB-4348-9E03-29DD63E80E4A}.Debug|x64.ActiveCfg = Debug|x64
		{1032BA4B-57EB-4348-9E03-29DD63E80E4A}.Debug|x64.Build.0 = Debug|x64
		{1032BA4B-57EB-4348-9E03-29DD63E80E4A}.Debug|x86.ActiveCfg = Debug|x64
		{1032BA4B-57EB-4348-9E03-29DD63E80E4A}.DebugMem|ARM.ActiveCfg = DebugMem|x64
		{1032BA4B-57EB-4348-9E03-29DD63E80E4A}.DebugMem|x64.ActiveCfg = DebugMem|x64
		{1032BA4B-57EB-4348-9E03-29DD63E80E4A}.DebugMem|x64.Build.0 = DebugMem|x64
		{1032BA4B-57EB-4348-9E03-29DD63E80E4A}.DebugMem|x86.ActiveCfg = DebugMem|x64
		{1032BA4B-57EB-4348-9E03-29DD63E80E4A}.Release|ARM.ActiveCfg = Release|x64
		{1032BA4B-57EB-4348-9E03-29DD63E80E4A}.Release|x64.ActiveCfg = Release|x64
		{1032BA4B-57EB-4348-9E03-29DD63E80E4A}.Release|x64.Build.0 = Release|x64
		{1032BA4B-57EB-4348-9E03-29DD63E80E4A}.Release|x86.ActiveCfg = Release|x64
		{0F27C8C4-58B2-E367-8D1F-01B714FDBF1B}.Debug|ARM.ActiveCfg = Debug|x64
		{0F27C8C4-58B2-E367-8D1F-01B714FDBF1B}.Debug|x64.ActiveCfg = Debug|x64
		{0F27C8C4-58B2-E367-8D1F-01B714FDBF1B}.Debug|x64.Build.0 = Debug|x64
		{0F27C8C4-58B2-E367-8D1F-01B714FDBF1B}.Debug|x86.ActiveCfg = Debug|x64
		{0F27C8C4-58B2-E367-8D1F-01B714FDBF1B}.DebugMem|ARM.ActiveCfg = DebugMem|x64
		{0F27C8C4-58B2-E367-8D1F-01B714FDBF1B}.DebugMem|x64.ActiveCfg = DebugMem|x64
		{0F27C8C4-58B2-E367-8D1F-01B714FDBF1B}.DebugMem|x64.Build.0 = DebugMem|x64
		{0F27C8C4-58B2-E367-8D1F-01B714FDBF1B}.DebugMem|x86.ActiveCfg = DebugMem|x64
		{0F27C8C4-58B2-E367-8D1F-01B714FDBF1B}.Release|ARM.ActiveCfg = Release|x64
		{0F27C8C4-58B2-E367-8D1F-01B714FDBF1B}.Release|x64.ActiveCfg = Release|x64
		{0F27C8C4-58B2-E367-8D1F-01B714FDBF1B}.Release|x64.Build.0 = Release|x64
		{0F27C8C4-58B2-E367-8D1F-01B714FDBF1B}.Release|x86.ActiveCfg = Release|x64
		{CC37B8E9-6402-4841-8D6A-5D908A5909B3}.Debug|ARM.ActiveCfg = Debug|x64
		{CC37B8E9-6402-4841-8D6A-5D908A5909B3}.Debug|x64.ActiveCfg = Debug|x64
		{CC37B8E9-6402-4841-8D6A-5D908A5909B3}.Debug|x64.Build.0 = Debug|x64
		{CC37B8E9-6402-4841-8D6A-5D908A5909B3}.Debug|x86.ActiveCfg = Debug|x64
		{CC37B8E9-6402-4841-8D6A-5D908A5909B3}.DebugMem|ARM.ActiveCfg = DebugMem|x64
		{CC37B8E9-6402-4841-8D6A-5D908A5909B3}.DebugMem|x64.ActiveCfg = DebugMem|x64
		{CC37B8E9-6402-4841-8D6A-5D908A5909B3}.DebugMem|x64.Build.0 = DebugMem|x64
		{CC37B8E9-6402-4841-8D6A-5D908A5909B3}.DebugMem|x86.ActiveCfg = DebugMem|x64
		{CC37B8E9-6402-4841-8D6A-5D908A5909B3}.Release|ARM.ActiveCfg = Release|x64
		{CC37B8E9-6402-4841-8D6A-5D908A5909B3}.Release|x64.ActiveCfg = Release|x64
		{CC37B8E9-6402-4841-8D6A-5D908A5909B3}.Release|x64.Build.0 = Release|x64
		{CC37B8E9-6402-4841-8D6A-5D908A5909B3}.Release|x86.ActiveCfg = Release|x64
		{87388E8B-F3CF-428F-BC2C-C1886248C111}.Debug|ARM.ActiveCfg = Debug|x64
		{87388E8B-F3CF-428F-BC2C-C1886248C111}.Debug|x64.ActiveCfg = Debug|x64
		{87388E8B-F3CF-428F-BC2C-C1886248C111}.Debug|x64.Build.0 = Debug|x64
		{87388E8B-F3CF-428F-BC2C-C1886248C111}.Debug|x86.ActiveCfg = Debug|x64
		{87388E8B-F3CF-428F-BC2C-C1886248C111}.DebugMem|ARM.ActiveCfg = DebugMem|x64
		{87388E8B-F3CF-428F-BC2C-C1886248C111}.DebugMem|x64.ActiveCfg = DebugMem|x64
		{87388E8B-F3CF-428F-BC2C-C1886248C111}.DebugMem|x64.Build.0 = DebugMem|x64
		{87388E8B-F3CF-428F-BC2C-C1886248C111}.DebugMem|x86.ActiveCfg = DebugMem|x64
		{87388E8B-F3CF-428F-BC2C-C1886248C111}.Release|ARM.ActiveCfg = Release|x64
		{87388E8B-F3CF-428F-BC2C-C1886248C111}.Release|x64.ActiveCfg = Release|x64
		{87388E8B-F3CF-428F-BC2C-C1886248C111}.Release|x64.Build.0 = Release|x64
		{87388E8B-F3CF-428F-BC2C-C1886248C111}.Release|x86.ActiveCfg = Release|x64
		{82522888-E09A-ED48-AD7D-247237B37B3A}.Debug|ARM.ActiveCfg = Debug|x64
		{82522888-E09A-ED48-AD7D-247237B37B3A}.Debug|x64.ActiveCfg = Debug|x64
		{82522888-E09A-ED48-AD7D-247237B37B3A}.Debug|x64.Build.0 = Debug|x64
		{82522888-E09A-ED48-AD7D-247237B37B3A}.Debug|x86.ActiveCfg = Debug|x64
		{82522888-E09A-ED48-AD7D-247237B37B3A}.DebugMem|ARM.ActiveCfg = DebugMem|x64
		{82522888-E09A-ED48-AD7D-247237B37B3A}.DebugMem|x64.ActiveCfg = DebugMem|x64
		{82522888-E09A-ED48-AD7D-247237B37B3A}.DebugMem|x64.Build.0 = DebugMem|x64
		{82522888-E09A-ED48-AD7D-247237B37B3A}.DebugMem|x86.ActiveCfg = DebugMem|x64
		{82522888-E09A-ED48-AD7D-247237B37B3A}.Release|ARM.ActiveCfg = Release|x64
		{82522888-E09A-ED48-AD7D-247237B37B3A}.Release|x64.ActiveCfg = Release|x64
		{82522888-E09A-ED48-AD7D-247237B37B3A}.Release|x64.Build.0 = Release|x64
		{82522888-E09A-ED48-AD7D-247237B37B3A}.Release|x86.ActiveCfg = Release|x64
		{37A0F502-C20C-4EBE-96CF-B954F557A2FC}.Debug|ARM.ActiveCfg = Debug|ARM
		{37A0F502-C20C-4EBE-96CF-B954F557A2FC}.Debug|ARM.Build.0 = Debug|ARM
		{37A0F502-C20C-4EBE-96CF-B954F557A2FC}.Debug|ARM.Deploy.0 = Debug|ARM
		{37A0F502-C20C-4EBE-96CF-B954F557A2FC}.Debug|x64.ActiveCfg = Debug|x86
		{37A0F502-C20C-4EBE-96CF-B954F557A2FC}.Debug|x86.ActiveCfg = Debug|x86
		{37A0F502-C20C-4EBE-96CF-B954F557A2FC}.Debug|x86.Build.0 = Debug|x86
		{37A0F502-C20C-4EBE-96CF-B954F557A2FC}.Debug|x86.Deploy.0 = Debug|x86
		{37A0F502-C20C-4EBE-96CF-B954F557A2FC}.DebugMem|ARM.ActiveCfg = Debug|ARM
		{37A0F502-C20C-4EBE-96CF-B954F557A2FC}.DebugMem|ARM.Build.0 = Debug|ARM
		{37A0F502-C20C-4EBE-96CF-B954F557A2FC}.DebugMem|ARM.Deploy.0 = Debug|ARM
		{37A0F502-C20C-4EBE-96CF-B954F557A2FC}.DebugMem|x64.ActiveCfg = Release|x86
		{37A0F502-C20C-4EBE-96CF-B954F557A2FC}.DebugMem|x64.Build.0 = Release|x86
		{37A0F502-C20C-4EBE-96CF-B954F557A2FC}.DebugMem|x64.Deploy.0 = Release|x86
		{37A0F502-C20C-4EBE-96CF-B954F557A2FC}.DebugMem|x86.ActiveCfg = Debug|x86
		{37A0F502-C20C-4EBE-96CF-B954F557A2FC}.DebugMem|x86.Build.0 = Debug|x86
		{37A0F502-C20C-4EBE-96CF-B954F557A2FC}.DebugMem|x86.Deploy.0 = Debug|x86
		{37A0F502-C20C-4EBE-96CF-B954F557A2FC}.Release|ARM.ActiveCfg = Release|ARM
		{37A0F502-C20C-4EBE-96CF-B954F557A2FC}.Release|ARM.Build.0 = Release|ARM
		{37A0F502-C20C-4EBE-96CF-B954F557A2FC}.Release|ARM.Deploy.0 = Release|ARM
		{37A0F502-C20C-4EBE-96CF-B954F557A2FC}.Release|x64.ActiveCfg = Release|x86
		{37A0F502-C20C-4EBE-96CF-B954F557A2FC}.Release|x86.ActiveCfg = Release|x86
		{37A0F502-C20C-4EBE-96CF-B954F557A2FC}.Release|x86.Build.0 = Release|x86
		{37A0F502-C20C-4EBE-96CF-B954F557A2FC}.Release|x86.Deploy.0 = Release|x86
		{569CC0D4-63C0-4380-B2B3-EF6BA749F879}.Debug|ARM.ActiveCfg = Debug|ARM
		{569CC0D4-63C0-4380-B2B3-EF6BA749F879}.Debug|ARM.Build.0 = Debug|ARM
		{569CC0D4-63C0-4380-B2B3-EF6BA749F879}.Debug|x64.ActiveCfg = Debug|x86
		{569CC0D4-63C0-4380-B2B3-EF6BA749F879}.Debug|x86.ActiveCfg = Debug|x86
		{569CC0D4-63C0-4380-B2B3-EF6BA749F879}.Debug|x86.Build.0 = Debug|x86
		{569CC0D4-63C0-4380-B2B3-EF6BA749F879}.DebugMem|ARM.ActiveCfg = Debug|ARM
		{569CC0D4-63C0-4380-B2B3-EF6BA749F879}.DebugMem|ARM.Build.0 = Debug|ARM
		{569CC0D4-63C0-4380-B2B3-EF6BA749F879}.DebugMem|x64.ActiveCfg = Release|x86
		{569CC0D4-63C0-4380-B2B3-EF6BA749F879}.DebugMem|x64.Build.0 = Release|x86
		{569CC0D4-63C0-4380-B2B3-EF6BA749F879}.DebugMem|x86.ActiveCfg = Debug|x86
		{569CC0D4-63C0-4380-B2B3-EF6BA749F879}.DebugMem|x86.Build.0 = Debug|x86
		{569CC0D4-63C0-4380-B2B3-EF6BA749F879}.Release|ARM.ActiveCfg = Release|ARM
		{569CC0D4-63C0-4380-B2B3-EF6BA749F879}.Release|ARM.Build.0 = Release|ARM
		{569CC0D4-63C0-4380-B2B3-EF6BA749F879}.Release|x64.ActiveCfg = Release|x86
		{569CC0D4-63C0-4380-B2B3-EF6BA749F879}.Release|x86.ActiveCfg = Release|x86
		{569CC0D4-63C0-4380-B2B3-EF6BA749F879}.Release|x86.Build.0 = Release|x86
		{58B29583-4FC0-445F-9C7D-F922233E9F97}.Debug|ARM.ActiveCfg = Debug|ARM
		{58B29583-4FC0-445F-9C7D-F922233E9F97}.Debug|ARM.Build.0 = Debug|ARM
		{58B29583-4FC0-445F-9C7D-F922233E9F97}.Debug|ARM.Deploy.0 = Debug|ARM
		{58B29583-4FC0-445F-9C7D-F922233E9F97}.Debug|x64.ActiveCfg = Debug|x86
		{58B29583-4FC0-445F-9C7D-F922233E9F97}.Debug|x86.ActiveCfg = Debug|x86
		{58B29583-4FC0-445F-9C7D-F922233E9F97}.Debug|x86.Build.0 = Debug|x86
		{58B29583-4FC0-445F-9C7D-F922233E9F97}.Debug|x86.Deploy.0 = Debug|x86
		{58B29583-4FC0-445F-9C7D-F922233E9F97}.DebugMem|ARM.ActiveCfg = Debug|ARM
		{58B29583-4FC0-445F-9C7D-F922233E9F97}.DebugMem|ARM.Build.0 = Debug|ARM
		{58B29583-4FC0-445F-9C7D-F922233E9F97}.DebugMem|ARM.Deploy.0 = Debug|ARM
		{58B29583-4FC0-445F-9C7D-F922233E9F97}.DebugMem|x64.ActiveCfg = Release|x86
		{58B29583-4FC0-445F-9C7D-F922233E9F97}.DebugMem|x64.Build.0 = Release|x86
		{58B29583-4FC0-445F-9C7D-F922233E9F97}.DebugMem|x64.Deploy.0 = Release|x86
		{58B29583-4FC0-445F-9C7D-F922233E9F97}.DebugMem|x86.ActiveCfg = Debug|x86
		{58B29583-4FC0-445F-9C7D-F922233E9F97}.DebugMem|x86.Build.0 = Debug|x86
		{58B29583-4FC0-445F-9C7D-F922233E9F97}.DebugMem|x86.Deploy.0 = Debug|x86
		{58B29583-4FC0-445F-9C7D-F922233E9F97}.Release|ARM.ActiveCfg = Release|ARM
		{58B29583-4FC0-445F-9C7D-F922233E9F97}.Release|ARM.Build.0 = Release|ARM
		{58B29583-4FC0-445F-9C7D-F922233E9F97}.Release|ARM.Deploy.0 = Release|ARM
		{58B29583-4FC0-445F-9C7D-F922233E9F97}.Release|x64.ActiveCfg = Release|x86
		{58B29583-4FC0-445F-9C7D-F922233E9F97}.Release|x86.ActiveCfg = Release|x86
		{58B29583-4FC0-445F-9C7D-F922233E9F97}.Release|x86.Build.0 = Release|x86
		{58B29583-4FC0-445F-9C7D-F922233E9F97}.Release|x86.Deploy.0 = Release|x86
		{A93A5170-DB03-47D0-A3DF-5772066A43BD}.Debug|ARM.ActiveCfg = Debug|ARM
		{A93A5170-DB03-47D0-A3DF-5772066A43BD}.Debug|ARM.Build.0 = Debug|ARM
		{A93A5170-DB03-47D0-A3DF-5772066A43BD}.Debug|x64.ActiveCfg = Debug|x86
		{A93A5170-DB03-47D0-A3DF-5772066A43BD}.Debug|x86.ActiveCfg = Debug|x86
		{A93A5170-DB03-47D0-A3DF-5772066A43BD}.Debug|x86.Build.0 = Debug|x86
		{A93A5170-DB03-47D0-A3DF-5772066A43BD}.DebugMem|ARM.ActiveCfg = Debug|ARM
		{A93A5170-DB03-47D0-A3DF-5772066A43BD}.DebugMem|ARM.Build.0 = Debug|ARM
		{A93A5170-DB03-47D0-A3DF-5772066A43BD}.DebugMem|x64.ActiveCfg = Release|x86
		{A93A5170-DB03-47D0-A3DF-5772066A43BD}.DebugMem|x64.Build.0 = Release|x86
		{A93A5170-DB03-47D0-A3DF-5772066A43BD}.DebugMem|x86.ActiveCfg = Debug|x86
		{A93A5170-DB03-47D0-A3DF-5772066A43BD}.DebugMem|x86.Build.0 = Debug|x86
		{A93A5170-DB03-47D0-A3DF-5772066A43BD}.Release|ARM.ActiveCfg = Release|ARM
		{A93A5170-DB03-47D0-A3DF-5772066A43BD}.Release|ARM.Build.0 = Release|ARM
		{A93A5170-DB03-47D0-A3DF-5772066A43BD}.Release|x64.ActiveCfg = Release|x86
		{A93A5170-DB03-47D0-A3DF-5772066A43BD}.Release|x86.ActiveCfg = Release|x86
		{A93A5170-DB03-47D0-A3DF-5772066A43BD}.Release|x86.Build.0 = Release|x86
	EndGlobalSection
	GlobalSection(SolutionProperties) = preSolution
		HideSolutionNode = FALSE
	EndGlobalSection
	GlobalSection(NestedProjects) = preSolution
		{37A0F502-C20C-4EBE-96CF-B954F557A2FC} = {427859E5-450C-4F01-B9A3-21EAD94B619A}
		{569CC0D4-63C0-4380-B2B3-EF6BA749F879} = {427859E5-450C-4F01-B9A3-21EAD94B619A}
		{58B29583-4FC0-445F-9C7D-F922233E9F97} = {8C2C077B-D1DB-4F39-B40B-3C0058426A92}
		{A93A5170-DB03-47D0-A3DF-5772066A43BD} = {8C2C077B-D1DB-4F39-B40B-3C0058426A92}
	EndGlobalSection
EndGlobal
